github.com/go-chi/chi/v5 v5.2.1 h1:KOIHODQj58PmL80G2Eak4WdvUzjSJSm0vG72crDCqb8=
github.com/go-chi/chi/v5 v5.2.1/go.mod h1:L2yAIGWB3H+phAw1NxKwWM+7eUH/lU8pOMm5hHcoops=
github.com/helix-acme-corp-demo/envelope v0.0.0-20260303102813-b2a1edadc29e h1:J4g1qNkKINFD1T2fh6T1J06tYb6IMz9X4ZHMDn/lFb0=
github.com/helix-acme-corp-demo/envelope v0.0.0-20260303102813-b2a1edadc29e/go.mod h1:69Te+lJH/CnfTNeCm8h/9FdjTqJd3/BKqdYH56+soJc=
github.com/helix-acme-corp-demo/logpipe v0.0.0-20260303102634-bf736eb00a8a h1:DTsGasES4YzLBKQtcALl+3zee1HNX2i5QJTUjj3UOh8=
github.com/helix-acme-corp-demo/logpipe v0.0.0-20260303102634-bf736eb00a8a/go.mod h1:sdD2eR9m9J9KPqtqV+w9mqY/+nHR7bDNjlAqEUUHTQc=
github.com/helix-acme-corp-demo/retryx v0.0.0-20260303102600-1510bb48a448 h1:L6Ipftzzf1opiS55alLpjUFLdO254nieFKVLHg5z+kc=
github.com/helix-acme-corp-demo/retryx v0.0.0-20260303102600-1510bb48a448/go.mod h1:fPyXyPlRqmzUY8nMTbX8R+QlezT6rtkDnPddpnxB9o0=
